
Microsoft Visual Studio Solution File, Format Version 12.00
# Visual Studio Version 16
VisualStudioVersion = 16.0.29613.14
MinimumVisualStudioVersion = 10.0.40219.1
Project("{9A19103F-16F7-4668-BE54-9A1E7A4F7556}") = "AzureFunctionsBackupSQL", "AzureFunctionsBackupSQL.csproj", "{69A104BD-EB36-41E4-8CE6-72509C3409FF}"
EndProject
Global
	GlobalSection(SolutionConfigurationPlatforms) = preSolution
		Debug|Any CPU = Debug|Any CPU
		Release|Any CPU = Release|Any CPU
	EndGlobalSection
	GlobalSection(ProjectConfigurationPlatforms) = postSolution
		{69A104BD-EB36-41E4-8CE6-72509C3409FF}.Debug|Any CPU.ActiveCfg = Debug|Any CPU
		{69A104BD-EB36-41E4-8CE6-72509C3409FF}.Debug|Any CPU.Build.0 = Debug|Any CPU
		{69A104BD-EB36-41E4-8CE6-72509C3409FF}.Release|Any CPU.ActiveCfg = Release|Any CPU
		{69A104BD-EB36-41E4-8CE6-72509C3409FF}.Release|Any CPU.Build.0 = Release|Any CPU
	EndGlobalSection
	GlobalSection(SolutionProperties) = preSolution
		HideSolutionNode = FALSE
	EndGlobalSection
	GlobalSection(ExtensibilityGlobals) = postSolution
		SolutionGuid = {80943521-6AEC-4C41-B09D-E745EC1A5B2E}
	EndGlobalSection
EndGlobal
